# This file is automatically @generated by Cargo.
# It is not intended for manual editing.
version = 3

[[package]]
name = "calc"
version = "0.1.0"
dependencies = [
 "clier_parser",
]

[[package]]
name = "clier_parser"
version = "0.7.3"
source = "registry+https://github.com/rust-lang/crates.io-index"
checksum = "c85be2a0dc5f0ec13fe2b7492e7fb6a8e3009451260ebd46c972f9ad79cee4d0"
dependencies = [
 "itertools",
]

[[package]]
name = "either"
version = "1.9.0"
source = "registry+https://github.com/rust-lang/crates.io-index"
checksum = "a26ae43d7bcc3b814de94796a5e736d4029efb0ee900c12e2d54c993ad1a1e07"

[[package]]
name = "itertools"
version = "0.11.0"
source = "registry+https://github.com/rust-lang/crates.io-index"
checksum = "b1c173a5686ce8bfa551b3563d0c2170bf24ca44da99c7ca4bfdab5418c3fe57"
dependencies = [
 "either",
]
